
Microsoft Visual Studio Solution File, Format Version 12.00
# Visual Studio Version 17
VisualStudioVersion = 17.13.36105.23 d17.13
MinimumVisualStudioVersion = 10.0.40219.1
Project("{FAE04EC0-301F-11D3-BF4B-00C04F79EFBC}") = "CAF.Domain", "CAF.Domain\CAF.Domain.csproj", "{61868D15-4395-4B5C-ABBE-26D293791C02}"
EndProject
Project("{FAE04EC0-301F-11D3-BF4B-00C04F79EFBC}") = "CAF.Application", "CAF.Application\CAF.Application.csproj", "{3F36639C-2459-4F08-8E85-BDF582E584E4}"
EndProject
Project("{FAE04EC0-301F-11D3-BF4B-00C04F79EFBC}") = "CAF.Persistence", "CAF.Persistence\CAF.Persistence.csproj", "{4912DE4F-951D-4018-873D-24A6A4D5084C}"
EndProject
Project("{FAE04EC0-301F-11D3-BF4B-00C04F79EFBC}") = "CAF.Infrastructure", "CAF.Infrastructure\CAF.Infrastructure.csproj", "{01C1B0BA-ABF7-47FA-A036-28E1FC045579}"
EndProject
Project("{FAE04EC0-301F-11D3-BF4B-00C04F79EFBC}") = "CAF.WEB", "CAF.WEB\CAF.WEB.csproj", "{8FFD48CF-4A4F-4C3D-BF18-816060DF7E29}"
EndProject
Global
	GlobalSection(SolutionConfigurationPlatforms) = preSolution
		Debug|Any CPU = Debug|Any CPU
		Release|Any CPU = Release|Any CPU
	EndGlobalSection
	GlobalSection(ProjectConfigurationPlatforms) = postSolution
		{61868D15-4395-4B5C-ABBE-26D293791C02}.Debug|Any CPU.ActiveCfg = Debug|Any CPU
		{61868D15-4395-4B5C-ABBE-26D293791C02}.Debug|Any CPU.Build.0 = Debug|Any CPU
		{61868D15-4395-4B5C-ABBE-26D293791C02}.Release|Any CPU.ActiveCfg = Release|Any CPU
		{61868D15-4395-4B5C-ABBE-26D293791C02}.Release|Any CPU.Build.0 = Release|Any CPU
		{3F36639C-2459-4F08-8E85-BDF582E584E4}.Debug|Any CPU.ActiveCfg = Debug|Any CPU
		{3F36639C-2459-4F08-8E85-BDF582E584E4}.Debug|Any CPU.Build.0 = Debug|Any CPU
		{3F36639C-2459-4F08-8E85-BDF582E584E4}.Release|Any CPU.ActiveCfg = Release|Any CPU
		{3F36639C-2459-4F08-8E85-BDF582E584E4}.Release|Any CPU.Build.0 = Release|Any CPU
		{4912DE4F-951D-4018-873D-24A6A4D5084C}.Debug|Any CPU.ActiveCfg = Debug|Any CPU
		{4912DE4F-951D-4018-873D-24A6A4D5084C}.Debug|Any CPU.Build.0 = Debug|Any CPU
		{4912DE4F-951D-4018-873D-24A6A4D5084C}.Release|Any CPU.ActiveCfg = Release|Any CPU
		{4912DE4F-951D-4018-873D-24A6A4D5084C}.Release|Any CPU.Build.0 = Release|Any CPU
		{01C1B0BA-ABF7-47FA-A036-28E1FC045579}.Debug|Any CPU.ActiveCfg = Debug|Any CPU
		{01C1B0BA-ABF7-47FA-A036-28E1FC045579}.Debug|Any CPU.Build.0 = Debug|Any CPU
		{01C1B0BA-ABF7-47FA-A036-28E1FC045579}.Release|Any CPU.ActiveCfg = Release|Any CPU
		{01C1B0BA-ABF7-47FA-A036-28E1FC045579}.Release|Any CPU.Build.0 = Release|Any CPU
		{8FFD48CF-4A4F-4C3D-BF18-816060DF7E29}.Debug|Any CPU.ActiveCfg = Debug|Any CPU
		{8FFD48CF-4A4F-4C3D-BF18-816060DF7E29}.Debug|Any CPU.Build.0 = Debug|Any CPU
		{8FFD48CF-4A4F-4C3D-BF18-816060DF7E29}.Release|Any CPU.ActiveCfg = Release|Any CPU
		{8FFD48CF-4A4F-4C3D-BF18-816060DF7E29}.Release|Any CPU.Build.0 = Release|Any CPU
	EndGlobalSection
	GlobalSection(SolutionProperties) = preSolution
		HideSolutionNode = FALSE
	EndGlobalSection
	GlobalSection(ExtensibilityGlobals) = postSolution
		SolutionGuid = {5788AEE4-E6A9-4284-A044-85D83428B1F3}
	EndGlobalSection
EndGlobal
